<?xml version="1.0" encoding="UTF-8"?>
<!DOCTYPE plist PUBLIC "-//Apple//DTD PLIST 1.0//EN" "http://www.apple.com/DTDs/PropertyList-1.0.dtd">
<plist version="1.0">
<dict>
	<key>archiveVersion</key>
	<string>1</string>
	<key>classes</key>
	<dict/>
	<key>objectVersion</key>
	<string>46</string>
	<key>objects</key>
	<dict>
		<key>36404895FB666F2E05AEB918</key>
		<dict>
			<key>fileRef</key>
			<string>4D32265AFEB3331E6C41134D</string>
			<key>isa</key>
			<string>PBXBuildFile</string>
		</dict>
		<key>3B0483FA1CEAAC310001CFF6</key>
		<dict>
			<key>fileEncoding</key>
			<string>4</string>
			<key>isa</key>
			<string>PBXFileReference</string>
			<key>lastKnownFileType</key>
			<string>sourcecode.c.h</string>
			<key>name</key>
			<string>SDHomegameViewController.h</string>
			<key>path</key>
			<string>Homepage/Controller/SDHomegameViewController.h</string>
			<key>sourceTree</key>
			<string>&lt;group&gt;</string>
		</dict>
		<key>3B0483FB1CEAAC310001CFF6</key>
		<dict>
			<key>fileEncoding</key>
			<string>4</string>
			<key>isa</key>
			<string>PBXFileReference</string>
			<key>lastKnownFileType</key>
			<string>sourcecode.c.objc</string>
			<key>name</key>
			<string>SDHomegameViewController.m</string>
			<key>path</key>
			<string>Homepage/Controller/SDHomegameViewController.m</string>
			<key>sourceTree</key>
			<string>&lt;group&gt;</string>
		</dict>
		<key>3B0483FC1CEAAC310001CFF6</key>
		<dict>
			<key>fileRef</key>
			<string>3B0483FB1CEAAC310001CFF6</string>
			<key>isa</key>
			<string>PBXBuildFile</string>
		</dict>
		<key>3B0483FD1CEAB9220001CFF6</key>
		<dict>
			<key>fileEncoding</key>
			<string>4</string>
			<key>isa</key>
			<string>PBXFileReference</string>
			<key>lastKnownFileType</key>
			<string>sourcecode.c.h</string>
			<key>name</key>
			<string>SDHomeFunViewController.h</string>
			<key>path</key>
			<string>Homepage/Controller/SDHomeFunViewController.h</string>
			<key>sourceTree</key>
			<string>&lt;group&gt;</string>
		</dict>
		<key>3B0483FE1CEAB9220001CFF6</key>
		<dict>
			<key>fileEncoding</key>
			<string>4</string>
			<key>isa</key>
			<string>PBXFileReference</string>
			<key>lastKnownFileType</key>
			<string>sourcecode.c.objc</string>
			<key>name</key>
			<string>SDHomeFunViewController.m</string>
			<key>path</key>
			<string>Homepage/Controller/SDHomeFunViewController.m</string>
			<key>sourceTree</key>
			<string>&lt;group&gt;</string>
		</dict>
		<key>3B0483FF1CEAB9220001CFF6</key>
		<dict>
			<key>fileRef</key>
			<string>3B0483FE1CEAB9220001CFF6</string>
			<key>isa</key>
			<string>PBXBuildFile</string>
		</dict>
		<key>3B0484001CEAB93E0001CFF6</key>
		<dict>
			<key>fileEncoding</key>
			<string>4</string>
			<key>isa</key>
			<string>PBXFileReference</string>
			<key>lastKnownFileType</key>
			<string>sourcecode.c.h</string>
			<key>name</key>
			<string>SDHomeStrageViewController.h</string>
			<key>path</key>
			<string>Homepage/Controller/SDHomeStrageViewController.h</string>
			<key>sourceTree</key>
			<string>&lt;group&gt;</string>
		</dict>
		<key>3B0484011CEAB93E0001CFF6</key>
		<dict>
			<key>fileEncoding</key>
			<string>4</string>
			<key>isa</key>
			<string>PBXFileReference</string>
			<key>lastKnownFileType</key>
			<string>sourcecode.c.objc</string>
			<key>name</key>
			<string>SDHomeStrageViewController.m</string>
			<key>path</key>
			<string>Homepage/Controller/SDHomeStrageViewController.m</string>
			<key>sourceTree</key>
			<string>&lt;group&gt;</string>
		</dict>
		<key>3B0484021CEAB93E0001CFF6</key>
		<dict>
			<key>fileRef</key>
			<string>3B0484011CEAB93E0001CFF6</string>
			<key>isa</key>
			<string>PBXBuildFile</string>
		</dict>
		<key>3B0484031CEACFB40001CFF6</key>
		<dict>
			<key>fileEncoding</key>
			<string>4</string>
			<key>isa</key>
			<string>PBXFileReference</string>
			<key>lastKnownFileType</key>
			<string>sourcecode.c.h</string>
			<key>name</key>
			<string>SDGameCategoryModel.h</string>
			<key>path</key>
			<string>Homepage/Model/SDGameCategoryModel.h</string>
			<key>sourceTree</key>
			<string>&lt;group&gt;</string>
		</dict>
		<key>3B0484041CEACFB40001CFF6</key>
		<dict>
			<key>fileEncoding</key>
			<string>4</string>
			<key>isa</key>
			<string>PBXFileReference</string>
			<key>lastKnownFileType</key>
			<string>sourcecode.c.objc</string>
			<key>name</key>
			<string>SDGameCategoryModel.m</string>
			<key>path</key>
			<string>Homepage/Model/SDGameCategoryModel.m</string>
			<key>sourceTree</key>
			<string>&lt;group&gt;</string>
		</dict>
		<key>3B0484051CEACFB40001CFF6</key>
		<dict>
			<key>fileRef</key>
			<string>3B0484041CEACFB40001CFF6</string>
			<key>isa</key>
			<string>PBXBuildFile</string>
		</dict>
		<key>3B0484061CEAD2990001CFF6</key>
		<dict>
			<key>children</key>
			<array>
				<string>3B0484091CEAD2B90001CFF6</string>
				<string>3B0484081CEAD2B30001CFF6</string>
				<string>3B0484071CEAD2AB0001CFF6</string>
				<string>3BD98C2D1CE49A5C00BA5979</string>
			</array>
			<key>isa</key>
			<string>PBXGroup</string>
			<key>name</key>
			<string>Home</string>
			<key>sourceTree</key>
			<string>&lt;group&gt;</string>
		</dict>
		<key>3B0484071CEAD2AB0001CFF6</key>
		<dict>
			<key>children</key>
			<array>
				<string>3B04840D1CEAD2D80001CFF6</string>
				<string>3B04840C1CEAD2D30001CFF6</string>
				<string>3B04840A1CEAD2C40001CFF6</string>
			</array>
			<key>isa</key>
			<string>PBXGroup</string>
			<key>name</key>
			<string>Game</string>
			<key>sourceTree</key>
			<string>&lt;group&gt;</string>
		</dict>
		<key>3B0484081CEAD2B30001CFF6</key>
		<dict>
			<key>children</key>
			<array>
				<string>3B4560251CEC6E800009E51B</string>
				<string>3B722DF51CEB0E7100D23975</string>
			</array>
			<key>isa</key>
			<string>PBXGroup</string>
			<key>name</key>
			<string>Fun</string>
			<key>sourceTree</key>
			<string>&lt;group&gt;</string>
		</dict>
		<key>3B0484091CEAD2B90001CFF6</key>
		<dict>
			<key>children</key>
			<array>
				<string>3B0484211CEAF5F10001CFF6</string>
				<string>3B0484201CEAF5EC0001CFF6</string>
				<string>3B04841F1CEAF56A0001CFF6</string>
			</array>
			<key>isa</key>
			<string>PBXGroup</string>
			<key>name</key>
			<string>Strange</string>
			<key>sourceTree</key>
			<string>&lt;group&gt;</string>
		</dict>
		<key>3B04840A1CEAD2C40001CFF6</key>
		<dict>
			<key>children</key>
			<array>
				<string>3B0483FA1CEAAC310001CFF6</string>
				<string>3B0483FB1CEAAC310001CFF6</string>
			</array>
			<key>isa</key>
			<string>PBXGroup</string>
			<key>name</key>
			<string>Controller</string>
			<key>sourceTree</key>
			<string>&lt;group&gt;</string>
		</dict>
		<key>3B04840C1CEAD2D30001CFF6</key>
		<dict>
			<key>children</key>
			<array>
				<string>3B0484031CEACFB40001CFF6</string>
				<string>3B0484041CEACFB40001CFF6</string>
			</array>
			<key>isa</key>
			<string>PBXGroup</string>
			<key>name</key>
			<string>Model</string>
			<key>sourceTree</key>
			<string>&lt;group&gt;</string>
		</dict>
		<key>3B04840D1CEAD2D80001CFF6</key>
		<dict>
			<key>children</key>
			<array>
				<string>3B04840E1CEAD3010001CFF6</string>
				<string>3B04840F1CEAD3010001CFF6</string>
				<string>3B04841C1CEAEDA90001CFF6</string>
				<string>3B04841D1CEAEDA90001CFF6</string>
				<string>3B0484141CEAE4FF0001CFF6</string>
				<string>3B0484151CEAE4FF0001CFF6</string>
				<string>3B0484161CEAE4FF0001CFF6</string>
			</array>
			<key>isa</key>
			<string>PBXGroup</string>
			<key>name</key>
			<string>View</string>
			<key>sourceTree</key>
			<string>&lt;group&gt;</string>
		</dict>
		<key>3B04840E1CEAD3010001CFF6</key>
		<dict>
			<key>fileEncoding</key>
			<string>4</string>
			<key>isa</key>
			<string>PBXFileReference</string>
			<key>lastKnownFileType</key>
			<string>sourcecode.c.h</string>
			<key>path</key>
			<string>SDHomegameCollectionViewCell.h</string>
			<key>sourceTree</key>
			<string>&lt;group&gt;</string>
		</dict>
		<key>3B04840F1CEAD3010001CFF6</key>
		<dict>
			<key>fileEncoding</key>
			<string>4</string>
			<key>isa</key>
			<string>PBXFileReference</string>
			<key>lastKnownFileType</key>
			<string>sourcecode.c.objc</string>
			<key>path</key>
			<string>SDHomegameCollectionViewCell.m</string>
			<key>sourceTree</key>
			<string>&lt;group&gt;</string>
		</dict>
		<key>3B0484101CEAD3010001CFF6</key>
		<dict>
			<key>fileRef</key>
			<string>3B04840F1CEAD3010001CFF6</string>
			<key>isa</key>
			<string>PBXBuildFile</string>
		</dict>
		<key>3B0484141CEAE4FF0001CFF6</key>
		<dict>
			<key>fileEncoding</key>
			<string>4</string>
			<key>isa</key>
			<string>PBXFileReference</string>
			<key>lastKnownFileType</key>
			<string>sourcecode.c.h</string>
			<key>path</key>
			<string>SDHomegameCollectionHeaderView.h</string>
			<key>sourceTree</key>
			<string>&lt;group&gt;</string>
		</dict>
		<key>3B0484151CEAE4FF0001CFF6</key>
		<dict>
			<key>fileEncoding</key>
			<string>4</string>
			<key>isa</key>
			<string>PBXFileReference</string>
			<key>lastKnownFileType</key>
			<string>sourcecode.c.objc</string>
			<key>path</key>
			<string>SDHomegameCollectionHeaderView.m</string>
			<key>sourceTree</key>
			<string>&lt;group&gt;</string>
		</dict>
		<key>3B0484161CEAE4FF0001CFF6</key>
		<dict>
			<key>fileEncoding</key>
			<string>4</string>
			<key>isa</key>
			<string>PBXFileReference</string>
			<key>lastKnownFileType</key>
			<string>file.xib</string>
			<key>path</key>
			<string>SDHomegameCollectionHeaderView.xib</string>
			<key>sourceTree</key>
			<string>&lt;group&gt;</string>
		</dict>
		<key>3B0484171CEAE4FF0001CFF6</key>
		<dict>
			<key>fileRef</key>
			<string>3B0484151CEAE4FF0001CFF6</string>
			<key>isa</key>
			<string>PBXBuildFile</string>
		</dict>
		<key>3B0484181CEAE4FF0001CFF6</key>
		<dict>
			<key>fileRef</key>
			<string>3B0484161CEAE4FF0001CFF6</string>
			<key>isa</key>
			<string>PBXBuildFile</string>
		</dict>
		<key>3B04841C1CEAEDA90001CFF6</key>
		<dict>
			<key>fileEncoding</key>
			<string>4</string>
			<key>isa</key>
			<string>PBXFileReference</string>
			<key>lastKnownFileType</key>
			<string>sourcecode.c.h</string>
			<key>path</key>
			<string>SDHomegameCommonCollectionViewCell.h</string>
			<key>sourceTree</key>
			<string>&lt;group&gt;</string>
		</dict>
		<key>3B04841D1CEAEDA90001CFF6</key>
		<dict>
			<key>fileEncoding</key>
			<string>4</string>
			<key>isa</key>
			<string>PBXFileReference</string>
			<key>lastKnownFileType</key>
			<string>sourcecode.c.objc</string>
			<key>path</key>
			<string>SDHomegameCommonCollectionViewCell.m</string>
			<key>sourceTree</key>
			<string>&lt;group&gt;</string>
		</dict>
		<key>3B04841E1CEAEDA90001CFF6</key>
		<dict>
			<key>fileRef</key>
			<string>3B04841D1CEAEDA90001CFF6</string>
			<key>isa</key>
			<string>PBXBuildFile</string>
		</dict>
		<key>3B04841F1CEAF56A0001CFF6</key>
		<dict>
			<key>children</key>
			<array>
				<string>3B0484001CEAB93E0001CFF6</string>
				<string>3B0484011CEAB93E0001CFF6</string>
			</array>
			<key>isa</key>
			<string>PBXGroup</string>
			<key>name</key>
			<string>Controller</string>
			<key>sourceTree</key>
			<string>&lt;group&gt;</string>
		</dict>
		<key>3B0484201CEAF5EC0001CFF6</key>
		<dict>
			<key>children</key>
			<array/>
			<key>isa</key>
			<string>PBXGroup</string>
			<key>name</key>
			<string>Model</string>
			<key>sourceTree</key>
			<string>&lt;group&gt;</string>
		</dict>
		<key>3B0484211CEAF5F10001CFF6</key>
		<dict>
			<key>children</key>
			<array/>
			<key>isa</key>
			<string>PBXGroup</string>
			<key>name</key>
			<string>View</string>
			<key>sourceTree</key>
			<string>&lt;group&gt;</string>
		</dict>
		<key>3B05DBFC1CE84365008D90E2</key>
		<dict>
			<key>fileEncoding</key>
			<string>4</string>
			<key>isa</key>
			<string>PBXFileReference</string>
			<key>lastKnownFileType</key>
			<string>sourcecode.c.h</string>
			<key>path</key>
			<string>SDCustomButton.h</string>
			<key>sourceTree</key>
			<string>&lt;group&gt;</string>
		</dict>
		<key>3B05DBFD1CE84365008D90E2</key>
		<dict>
			<key>fileEncoding</key>
			<string>4</string>
			<key>isa</key>
			<string>PBXFileReference</string>
			<key>lastKnownFileType</key>
			<string>sourcecode.c.objc</string>
			<key>path</key>
			<string>SDCustomButton.m</string>
			<key>sourceTree</key>
			<string>&lt;group&gt;</string>
		</dict>
		<key>3B05DBFE1CE84365008D90E2</key>
		<dict>
			<key>fileRef</key>
			<string>3B05DBFD1CE84365008D90E2</string>
			<key>isa</key>
			<string>PBXBuildFile</string>
		</dict>
		<key>3B05DBFF1CE84881008D90E2</key>
		<dict>
			<key>fileEncoding</key>
			<string>4</string>
			<key>isa</key>
			<string>PBXFileReference</string>
			<key>lastKnownFileType</key>
			<string>sourcecode.c.h</string>
			<key>path</key>
			<string>SDMultipleCornerView.h</string>
			<key>sourceTree</key>
			<string>&lt;group&gt;</string>
		</dict>
		<key>3B05DC001CE84881008D90E2</key>
		<dict>
			<key>fileEncoding</key>
			<string>4</string>
			<key>isa</key>
			<string>PBXFileReference</string>
			<key>lastKnownFileType</key>
			<string>sourcecode.c.objc</string>
			<key>path</key>
			<string>SDMultipleCornerView.m</string>
			<key>sourceTree</key>
			<string>&lt;group&gt;</string>
		</dict>
		<key>3B05DC011CE84881008D90E2</key>
		<dict>
			<key>fileRef</key>
			<string>3B05DC001CE84881008D90E2</string>
			<key>isa</key>
			<string>PBXBuildFile</string>
		</dict>
		<key>3B171A571D25043F00BC9346</key>
		<dict>
			<key>fileEncoding</key>
			<string>4</string>
			<key>isa</key>
			<string>PBXFileReference</string>
			<key>lastKnownFileType</key>
			<string>sourcecode.c.h</string>
			<key>path</key>
			<string>SSSSSSSS.h</string>
			<key>sourceTree</key>
			<string>&lt;group&gt;</string>
		</dict>
		<key>3B171A581D25043F00BC9346</key>
		<dict>
			<key>fileEncoding</key>
			<string>4</string>
			<key>isa</key>
			<string>PBXFileReference</string>
			<key>lastKnownFileType</key>
			<string>sourcecode.c.objc</string>
			<key>path</key>
			<string>SSSSSSSS.m</string>
			<key>sourceTree</key>
			<string>&lt;group&gt;</string>
		</dict>
		<key>3B171A591D25043F00BC9346</key>
		<dict>
			<key>fileRef</key>
			<string>3B171A581D25043F00BC9346</string>
			<key>isa</key>
			<string>PBXBuildFile</string>
		</dict>
		<key>3B4560211CEC5F580009E51B</key>
		<dict>
			<key>isa</key>
			<string>PBXFileReference</string>
			<key>lastKnownFileType</key>
			<string>sourcecode.c.h</string>
			<key>path</key>
			<string>SDFunction.h</string>
			<key>sourceTree</key>
			<string>&lt;group&gt;</string>
		</dict>
		<key>3B4560221CEC6CFF0009E51B</key>
		<dict>
			<key>fileEncoding</key>
			<string>4</string>
			<key>isa</key>
			<string>PBXFileReference</string>
			<key>lastKnownFileType</key>
			<string>sourcecode.c.h</string>
			<key>path</key>
			<string>SDChannelSubModel.h</string>
			<key>sourceTree</key>
			<string>&lt;group&gt;</string>
		</dict>
		<key>3B4560231CEC6CFF0009E51B</key>
		<dict>
			<key>fileEncoding</key>
			<string>4</string>
			<key>isa</key>
			<string>PBXFileReference</string>
			<key>lastKnownFileType</key>
			<string>sourcecode.c.objc</string>
			<key>path</key>
			<string>SDChannelSubModel.m</string>
			<key>sourceTree</key>
			<string>&lt;group&gt;</string>
		</dict>
		<key>3B4560241CEC6CFF0009E51B</key>
		<dict>
			<key>fileRef</key>
			<string>3B4560231CEC6CFF0009E51B</string>
			<key>isa</key>
			<string>PBXBuildFile</string>
		</dict>
		<key>3B4560251CEC6E800009E51B</key>
		<dict>
			<key>children</key>
			<array>
				<string>3B4560261CEC6E9D0009E51B</string>
				<string>3B4560271CEC6E9D0009E51B</string>
			</array>
			<key>isa</key>
			<string>PBXGroup</string>
			<key>name</key>
			<string>View</string>
			<key>sourceTree</key>
			<string>&lt;group&gt;</string>
		</dict>
		<key>3B4560261CEC6E9D0009E51B</key>
		<dict>
			<key>fileEncoding</key>
			<string>4</string>
			<key>isa</key>
			<string>PBXFileReference</string>
			<key>lastKnownFileType</key>
			<string>sourcecode.c.h</string>
			<key>path</key>
			<string>SDHomefunHeaderView.h</string>
			<key>sourceTree</key>
			<string>&lt;group&gt;</string>
		</dict>
		<key>3B4560271CEC6E9D0009E51B</key>
		<dict>
			<key>fileEncoding</key>
			<string>4</string>
			<key>isa</key>
			<string>PBXFileReference</string>
			<key>lastKnownFileType</key>
			<string>sourcecode.c.objc</string>
			<key>path</key>
			<string>SDHomefunHeaderView.m</string>
			<key>sourceTree</key>
			<string>&lt;group&gt;</string>
		</dict>
		<key>3B4560281CEC6E9D0009E51B</key>
		<dict>
			<key>fileRef</key>
			<string>3B4560271CEC6E9D0009E51B</string>
			<key>isa</key>
			<string>PBXBuildFile</string>
		</dict>
		<key>3B722DF51CEB0E7100D23975</key>
		<dict>
			<key>children</key>
			<array>
				<string>3B0483FD1CEAB9220001CFF6</string>
				<string>3B0483FE1CEAB9220001CFF6</string>
			</array>
			<key>isa</key>
			<string>PBXGroup</string>
			<key>name</key>
			<string>Controller</string>
			<key>sourceTree</key>
			<string>&lt;group&gt;</string>
		</dict>
		<key>3B722DF91CEB27C700D23975</key>
		<dict>
			<key>fileEncoding</key>
			<string>4</string>
			<key>isa</key>
			<string>PBXFileReference</string>
			<key>lastKnownFileType</key>
			<string>sourcecode.c.h</string>
			<key>path</key>
			<string>UIImageView+Corner.h</string>
			<key>sourceTree</key>
			<string>&lt;group&gt;</string>
		</dict>
		<key>3B722DFA1CEB27C700D23975</key>
		<dict>
			<key>fileEncoding</key>
			<string>4</string>
			<key>isa</key>
			<string>PBXFileReference</string>
			<key>lastKnownFileType</key>
			<string>sourcecode.c.objc</string>
			<key>path</key>
			<string>UIImageView+Corner.m</string>
			<key>sourceTree</key>
			<string>&lt;group&gt;</string>
		</dict>
		<key>3B722DFB1CEB27C700D23975</key>
		<dict>
			<key>fileRef</key>
			<string>3B722DFA1CEB27C700D23975</string>
			<key>isa</key>
			<string>PBXBuildFile</string>
		</dict>
		<key>3BA37EAA1CE9BCC8004AF002</key>
		<dict>
			<key>children</key>
			<array>
				<string>3BA37EB11CE9C2D4004AF002</string>
				<string>3BA37EAB1CE9BCF4004AF002</string>
				<string>3BA37EAC1CE9BCF4004AF002</string>
				<string>3BA37EAE1CE9BF06004AF002</string>
				<string>3BA37EAF1CE9BF06004AF002</string>
			</array>
			<key>isa</key>
			<string>PBXGroup</string>
			<key>path</key>
			<string>ContainController</string>
			<key>sourceTree</key>
			<string>&lt;group&gt;</string>
		</dict>
		<key>3BA37EAB1CE9BCF4004AF002</key>
		<dict>
			<key>fileEncoding</key>
			<string>4</string>
			<key>isa</key>
			<string>PBXFileReference</string>
			<key>lastKnownFileType</key>
			<string>sourcecode.c.h</string>
			<key>path</key>
			<string>SDTVContainerViewController.h</string>
			<key>sourceTree</key>
			<string>&lt;group&gt;</string>
		</dict>
		<key>3BA37EAC1CE9BCF4004AF002</key>
		<dict>
			<key>fileEncoding</key>
			<string>4</string>
			<key>isa</key>
			<string>PBXFileReference</string>
			<key>lastKnownFileType</key>
			<string>sourcecode.c.objc</string>
			<key>path</key>
			<string>SDTVContainerViewController.m</string>
			<key>sourceTree</key>
			<string>&lt;group&gt;</string>
		</dict>
		<key>3BA37EAD1CE9BCF4004AF002</key>
		<dict>
			<key>fileRef</key>
			<string>3BA37EAC1CE9BCF4004AF002</string>
			<key>isa</key>
			<string>PBXBuildFile</string>
		</dict>
		<key>3BA37EAE1CE9BF06004AF002</key>
		<dict>
			<key>fileEncoding</key>
			<string>4</string>
			<key>isa</key>
			<string>PBXFileReference</string>
			<key>lastKnownFileType</key>
			<string>sourcecode.c.h</string>
			<key>path</key>
			<string>SDTVNavigationView.h</string>
			<key>sourceTree</key>
			<string>&lt;group&gt;</string>
		</dict>
		<key>3BA37EAF1CE9BF06004AF002</key>
		<dict>
			<key>fileEncoding</key>
			<string>4</string>
			<key>isa</key>
			<string>PBXFileReference</string>
			<key>lastKnownFileType</key>
			<string>sourcecode.c.objc</string>
			<key>path</key>
			<string>SDTVNavigationView.m</string>
			<key>sourceTree</key>
			<string>&lt;group&gt;</string>
		</dict>
		<key>3BA37EB01CE9BF06004AF002</key>
		<dict>
			<key>fileRef</key>
			<string>3BA37EAF1CE9BF06004AF002</string>
			<key>isa</key>
			<string>PBXBuildFile</string>
		</dict>
		<key>3BA37EB11CE9C2D4004AF002</key>
		<dict>
			<key>children</key>
			<array>
				<string>3BA37EB21CE9C2E6004AF002</string>
				<string>3BA37EB31CE9C2E6004AF002</string>
			</array>
			<key>isa</key>
			<string>PBXGroup</string>
			<key>path</key>
			<string>Model</string>
			<key>sourceTree</key>
			<string>&lt;group&gt;</string>
		</dict>
		<key>3BA37EB21CE9C2E6004AF002</key>
		<dict>
			<key>fileEncoding</key>
			<string>4</string>
			<key>isa</key>
			<string>PBXFileReference</string>
			<key>lastKnownFileType</key>
			<string>sourcecode.c.h</string>
			<key>path</key>
			<string>SDTVChannel.h</string>
			<key>sourceTree</key>
			<string>&lt;group&gt;</string>
		</dict>
		<key>3BA37EB31CE9C2E6004AF002</key>
		<dict>
			<key>fileEncoding</key>
			<string>4</string>
			<key>isa</key>
			<string>PBXFileReference</string>
			<key>lastKnownFileType</key>
			<string>sourcecode.c.objc</string>
			<key>path</key>
			<string>SDTVChannel.m</string>
			<key>sourceTree</key>
			<string>&lt;group&gt;</string>
		</dict>
		<key>3BA37EB41CE9C2E6004AF002</key>
		<dict>
			<key>fileRef</key>
			<string>3BA37EB31CE9C2E6004AF002</string>
			<key>isa</key>
			<string>PBXBuildFile</string>
		</dict>
		<key>3BD98C051CE4959A00BA5979</key>
		<dict>
			<key>children</key>
			<array>
				<string>3BD98C0F1CE4959A00BA5979</string>
				<string>3BD98C101CE4959A00BA5979</string>
				<string>632ECF8A1CE468A509A3472C</string>
				<string>48D53EB5149E0EFA974725C1</string>
			</array>
			<key>isa</key>
			<string>PBXGroup</string>
			<key>sourceTree</key>
			<string>&lt;group&gt;</string>
		</dict>
		<key>3BD98C061CE4959A00BA5979</key>
		<dict>
			<key>attributes</key>
			<dict>
				<key>LastUpgradeCheck</key>
				<string>0720</string>
				<key>ORGANIZATIONNAME</key>
				<string>com.sybercare.enterprise</string>
				<key>TargetAttributes</key>
				<dict>
					<key>3BD98C0D1CE4959A00BA5979</key>
					<dict>
						<key>CreatedOnToolsVersion</key>
						<string>7.2.1</string>
					</dict>
				</dict>
			</dict>
			<key>buildConfigurationList</key>
			<string>3BD98C091CE4959A00BA5979</string>
			<key>compatibilityVersion</key>
			<string>Xcode 3.2</string>
			<key>developmentRegion</key>
			<string>English</string>
			<key>hasScannedForEncodings</key>
			<string>0</string>
			<key>isa</key>
			<string>PBXProject</string>
			<key>knownRegions</key>
			<array>
				<string>en</string>
				<string>Base</string>
			</array>
			<key>mainGroup</key>
			<string>3BD98C051CE4959A00BA5979</string>
			<key>productRefGroup</key>
			<string>3BD98C0F1CE4959A00BA5979</string>
			<key>projectDirPath</key>
			<string></string>
			<key>projectReferences</key>
			<array/>
			<key>projectRoot</key>
			<string></string>
			<key>targets</key>
			<array>
				<string>3BD98C0D1CE4959A00BA5979</string>
			</array>
		</dict>
		<key>3BD98C091CE4959A00BA5979</key>
		<dict>
			<key>buildConfigurations</key>
			<array>
				<string>3BD98C231CE4959A00BA5979</string>
				<string>3BD98C241CE4959A00BA5979</string>
			</array>
			<key>defaultConfigurationIsVisible</key>
			<string>0</string>
			<key>defaultConfigurationName</key>
			<string>Release</string>
			<key>isa</key>
			<string>XCConfigurationList</string>
		</dict>
		<key>3BD98C0A1CE4959A00BA5979</key>
		<dict>
			<key>buildActionMask</key>
			<string>2147483647</string>
			<key>files</key>
			<array>
				<string>3B0484101CEAD3010001CFF6</string>
				<string>3BDDE3B61CEA285A00921C62</string>
				<string>3BD98C401CE49ACF00BA5979</string>
				<string>3BA37EB01CE9BF06004AF002</string>
				<string>A525E4C81D1BCE5900411F54</string>
				<string>3B0484171CEAE4FF0001CFF6</string>
				<string>3BD98C5A1CE49B1700BA5979</string>
				<string>3B04841E1CEAEDA90001CFF6</string>
				<string>A51B89C31D1B8B7A00A528AC</string>
				<string>3BEBFA351CE6EC69001CF2E2</string>
				<string>3BD98C3D1CE49AC100BA5979</string>
				<string>3B0483FF1CEAB9220001CFF6</string>
				<string>3BD98C5F1CE49B1700BA5979</string>
				<string>3B4560281CEC6E9D0009E51B</string>
				<string>3B171A591D25043F00BC9346</string>
				<string>3BA37EB41CE9C2E6004AF002</string>
				<string>3BD98C5C1CE49B1700BA5979</string>
				<string>3BD98C191CE4959A00BA5979</string>
				<string>3B05DC011CE84881008D90E2</string>
				<string>3B0484021CEAB93E0001CFF6</string>
				<string>3B0483FC1CEAAC310001CFF6</string>
				<string>3BD98C651CE49B4F00BA5979</string>
				<string>3BA37EAD1CE9BCF4004AF002</string>
				<string>3B0484051CEACFB40001CFF6</string>
				<string>3BD98C4E1CE49AFD00BA5979</string>
				<string>3BEBFA2B1CE6D29C001CF2E2</string>
				<string>3B05DBFE1CE84365008D90E2</string>
				<string>3BEBFA381CE6ED39001CF2E2</string>
				<string>A525E4C21D1BB80200411F54</string>
				<string>3BEBFA301CE6D2D0001CF2E2</string>
				<string>3BD98C4F1CE49AFD00BA5979</string>
				<string>3BD98C161CE4959A00BA5979</string>
				<string>3BD98C621CE49B3400BA5979</string>
				<string>3BD98C381CE49AAA00BA5979</string>
				<string>3BEBFA3B1CE6F221001CF2E2</string>
				<string>3BD98C391CE49AAA00BA5979</string>
				<string>3BD98C491CE49AE900BA5979</string>
				<string>3BD98C131CE4959A00BA5979</string>
				<string>3BDF97141CE73AFF004DCA64</string>
				<string>A5228E501D1BE28200FA5993</string>
				<string>3B4560241CEC6CFF0009E51B</string>
				<string>3BD98C5D1CE49B1700BA5979</string>
				<string>3B722DFB1CEB27C700D23975</string>
			</array>
			<key>isa</key>
			<string>PBXSourcesBuildPhase</string>
			<key>runOnlyForDeploymentPostprocessing</key>
			<string>0</string>
		</dict>
		<key>3BD98C0B1CE4959A00BA5979</key>
		<dict>
			<key>buildActionMask</key>
			<string>2147483647</string>
			<key>files</key>
			<array>
				<string>36404895FB666F2E05AEB918</string>
			</array>
			<key>isa</key>
			<string>PBXFrameworksBuildPhase</string>
			<key>runOnlyForDeploymentPostprocessing</key>
			<string>0</string>
		</dict>
		<key>3BD98C0C1CE4959A00BA5979</key>
		<dict>
			<key>buildActionMask</key>
			<string>2147483647</string>
			<key>files</key>
			<array>
				<string>3BD98C211CE4959A00BA5979</string>
				<string>3B0484181CEAE4FF0001CFF6</string>
				<string>3BEBFA2C1CE6D29C001CF2E2</string>
				<string>3BD98C1E1CE4959A00BA5979</string>
				<string>3BEBFA311CE6D2D0001CF2E2</string>
				<string>3BD98C1C1CE4959A00BA5979</string>
				<string>3BD98C5E1CE49B1700BA5979</string>
				<string>3BD98C5B1CE49B1700BA5979</string>
			</array>
			<key>isa</key>
			<string>PBXResourcesBuildPhase</string>
			<key>runOnlyForDeploymentPostprocessing</key>
			<string>0</string>
		</dict>
		<key>3BD98C0D1CE4959A00BA5979</key>
		<dict>
			<key>buildConfigurationList</key>
			<string>3BD98C251CE4959A00BA5979</string>
			<key>buildPhases</key>
			<array>
				<string>489190B26DAA0CE683BB9C63</string>
				<string>3BD98C0A1CE4959A00BA5979</string>
				<string>3BD98C0B1CE4959A00BA5979</string>
				<string>3BD98C0C1CE4959A00BA5979</string>
				<string>C34C66C488DA02FEE07D36F8</string>
				<string>FD71025337DEFA0DC7691888</string>
				<string>65999F3E0A8F46F7ADDC4EF0</string>
			</array>
			<key>buildRules</key>
			<array/>
			<key>dependencies</key>
			<array/>
			<key>isa</key>
			<string>PBXNativeTarget</string>
			<key>name</key>
			<string>SDDouYu</string>
			<key>productName</key>
			<string>SDDouYu</string>
			<key>productReference</key>
			<string>3BD98C0E1CE4959A00BA5979</string>
			<key>productType</key>
			<string>com.apple.product-type.application</string>
		</dict>
		<key>3BD98C0E1CE4959A00BA5979</key>
		<dict>
			<key>explicitFileType</key>
			<string>wrapper.application</string>
			<key>includeInIndex</key>
			<string>0</string>
			<key>isa</key>
			<string>PBXFileReference</string>
			<key>path</key>
			<string>SDDouYu.app</string>
			<key>sourceTree</key>
			<string>BUILT_PRODUCTS_DIR</string>
		</dict>
		<key>3BD98C0F1CE4959A00BA5979</key>
		<dict>
			<key>children</key>
			<array>
				<string>3BD98C0E1CE4959A00BA5979</string>
			</array>
			<key>isa</key>
			<string>PBXGroup</string>
			<key>name</key>
			<string>Products</string>
			<key>sourceTree</key>
			<string>&lt;group&gt;</string>
		</dict>
		<key>3BD98C101CE4959A00BA5979</key>
		<dict>
			<key>children</key>
			<array>
				<string>3BEBFA321CE6D672001CF2E2</string>
				<string>3BD98C291CE49A3800BA5979</string>
				<string>3BD98C2B1CE49A4300BA5979</string>
				<string>3BD98C2A1CE49A3D00BA5979</string>
				<string>3BD98C111CE4959A00BA5979</string>
				<string>3BD98C141CE4959A00BA5979</string>
				<string>3BD98C151CE4959A00BA5979</string>
				<string>3B171A571D25043F00BC9346</string>
				<string>3B171A581D25043F00BC9346</string>
				<string>3BD98C171CE4959A00BA5979</string>
				<string>3BD98C181CE4959A00BA5979</string>
			</array>
			<key>isa</key>
			<string>PBXGroup</string>
			<key>path</key>
			<string>SDDouYu</string>
			<key>sourceTree</key>
			<string>&lt;group&gt;</string>
		</dict>
		<key>3BD98C111CE4959A00BA5979</key>
		<dict>
			<key>children</key>
			<array>
				<string>3BD98C1D1CE4959A00BA5979</string>
				<string>3BD98C221CE4959A00BA5979</string>
				<string>3BD98C1F1CE4959A00BA5979</string>
				<string>3BD98C1A1CE4959A00BA5979</string>
				<string>3BD98C281CE4997A00BA5979</string>
				<string>3B4560211CEC5F580009E51B</string>
				<string>3BD98C121CE4959A00BA5979</string>
			</array>
			<key>isa</key>
			<string>PBXGroup</string>
			<key>path</key>
			<string>Supporting Files</string>
			<key>sourceTree</key>
			<string>&lt;group&gt;</string>
		</dict>
		<key>3BD98C121CE4959A00BA5979</key>
		<dict>
			<key>isa</key>
			<string>PBXFileReference</string>
			<key>lastKnownFileType</key>
			<string>sourcecode.c.objc</string>
			<key>path</key>
			<string>main.m</string>
			<key>sourceTree</key>
			<string>&lt;group&gt;</string>
		</dict>
		<key>3BD98C131CE4959A00BA5979</key>
		<dict>
			<key>fileRef</key>
			<string>3BD98C121CE4959A00BA5979</string>
			<key>isa</key>
			<string>PBXBuildFile</string>
		</dict>
		<key>3BD98C141CE4959A00BA5979</key>
		<dict>
			<key>isa</key>
			<string>PBXFileReference</string>
			<key>lastKnownFileType</key>
			<string>sourcecode.c.h</string>
			<key>path</key>
			<string>AppDelegate.h</string>
			<key>sourceTree</key>
			<string>&lt;group&gt;</string>
		</dict>
		<key>3BD98C151CE4959A00BA5979</key>
		<dict>
			<key>isa</key>
			<string>PBXFileReference</string>
			<key>lastKnownFileType</key>
			<string>sourcecode.c.objc</string>
			<key>path</key>
			<string>AppDelegate.m</string>
			<key>sourceTree</key>
			<string>&lt;group&gt;</string>
		</dict>
		<key>3BD98C161CE4959A00BA5979</key>
		<dict>
			<key>fileRef</key>
			<string>3BD98C151CE4959A00BA5979</string>
			<key>isa</key>
			<string>PBXBuildFile</string>
		</dict>
		<key>3BD98C171CE4959A00BA5979</key>
		<dict>
			<key>isa</key>
			<string>PBXFileReference</string>
			<key>lastKnownFileType</key>
			<string>sourcecode.c.h</string>
			<key>path</key>
			<string>ViewController.h</string>
			<key>sourceTree</key>
			<string>&lt;group&gt;</string>
		</dict>
		<key>3BD98C181CE4959A00BA5979</key>
		<dict>
			<key>isa</key>
			<string>PBXFileReference</string>
			<key>lastKnownFileType</key>
			<string>sourcecode.c.objc</string>
			<key>path</key>
			<string>ViewController.m</string>
			<key>sourceTree</key>
			<string>&lt;group&gt;</string>
		</dict>
		<key>3BD98C191CE4959A00BA5979</key>
		<dict>
			<key>fileRef</key>
			<string>3BD98C181CE4959A00BA5979</string>
			<key>isa</key>
			<string>PBXBuildFile</string>
		</dict>
		<key>3BD98C1A1CE4959A00BA5979</key>
		<dict>
			<key>children</key>
			<array>
				<string>3BD98C1B1CE4959A00BA5979</string>
			</array>
			<key>isa</key>
			<string>PBXVariantGroup</string>
			<key>name</key>
			<string>Main.storyboard</string>
			<key>path</key>
			<string>.</string>
			<key>sourceTree</key>
			<string>&lt;group&gt;</string>
		</dict>
		<key>3BD98C1B1CE4959A00BA5979</key>
		<dict>
			<key>isa</key>
			<string>PBXFileReference</string>
			<key>lastKnownFileType</key>
			<string>file.storyboard</string>
			<key>name</key>
			<string>Base</string>
			<key>path</key>
			<string>Base.lproj/Main.storyboard</string>
			<key>sourceTree</key>
			<string>&lt;group&gt;</string>
		</dict>
		<key>3BD98C1C1CE4959A00BA5979</key>
		<dict>
			<key>fileRef</key>
			<string>3BD98C1A1CE4959A00BA5979</string>
			<key>isa</key>
			<string>PBXBuildFile</string>
		</dict>
		<key>3BD98C1D1CE4959A00BA5979</key>
		<dict>
			<key>isa</key>
			<string>PBXFileReference</string>
			<key>lastKnownFileType</key>
			<string>folder.assetcatalog</string>
			<key>path</key>
			<string>Assets.xcassets</string>
			<key>sourceTree</key>
			<string>&lt;group&gt;</string>
		</dict>
		<key>3BD98C1E1CE4959A00BA5979</key>
		<dict>
			<key>fileRef</key>
			<string>3BD98C1D1CE4959A00BA5979</string>
			<key>isa</key>
			<string>PBXBuildFile</string>
		</dict>
		<key>3BD98C1F1CE4959A00BA5979</key>
		<dict>
			<key>children</key>
			<array>
				<string>3BD98C201CE4959A00BA5979</string>
			</array>
			<key>isa</key>
			<string>PBXVariantGroup</string>
			<key>name</key>
			<string>LaunchScreen.storyboard</string>
			<key>path</key>
			<string>.</string>
			<key>sourceTree</key>
			<string>&lt;group&gt;</string>
		</dict>
		<key>3BD98C201CE4959A00BA5979</key>
		<dict>
			<key>isa</key>
			<string>PBXFileReference</string>
			<key>lastKnownFileType</key>
			<string>file.storyboard</string>
			<key>name</key>
			<string>Base</string>
			<key>path</key>
			<string>Base.lproj/LaunchScreen.storyboard</string>
			<key>sourceTree</key>
			<string>&lt;group&gt;</string>
		</dict>
		<key>3BD98C211CE4959A00BA5979</key>
		<dict>
			<key>fileRef</key>
			<string>3BD98C1F1CE4959A00BA5979</string>
			<key>isa</key>
			<string>PBXBuildFile</string>
		</dict>
		<key>3BD98C221CE4959A00BA5979</key>
		<dict>
			<key>isa</key>
			<string>PBXFileReference</string>
			<key>lastKnownFileType</key>
			<string>text.plist.xml</string>
			<key>path</key>
			<string>Info.plist</string>
			<key>sourceTree</key>
			<string>&lt;group&gt;</string>
		</dict>
		<key>3BD98C231CE4959A00BA5979</key>
		<dict>
			<key>buildSettings</key>
			<dict>
				<key>ALWAYS_SEARCH_USER_PATHS</key>
				<string>NO</string>
				<key>CLANG_CXX_LANGUAGE_STANDARD</key>
				<string>gnu++0x</string>
				<key>CLANG_CXX_LIBRARY</key>
				<string>libc++</string>
				<key>CLANG_ENABLE_MODULES</key>
				<string>YES</string>
				<key>CLANG_ENABLE_OBJC_ARC</key>
				<string>YES</string>
				<key>CLANG_WARN_BOOL_CONVERSION</key>
				<string>YES</string>
				<key>CLANG_WARN_CONSTANT_CONVERSION</key>
				<string>YES</string>
				<key>CLANG_WARN_DIRECT_OBJC_ISA_USAGE</key>
				<string>YES_ERROR</string>
				<key>CLANG_WARN_EMPTY_BODY</key>
				<string>YES</string>
				<key>CLANG_WARN_ENUM_CONVERSION</key>
				<string>YES</string>
				<key>CLANG_WARN_INT_CONVERSION</key>
				<string>YES</string>
				<key>CLANG_WARN_OBJC_ROOT_CLASS</key>
				<string>YES_ERROR</string>
				<key>CLANG_WARN_UNREACHABLE_CODE</key>
				<string>YES</string>
				<key>CLANG_WARN__DUPLICATE_METHOD_MATCH</key>
				<string>YES</string>
				<key>CODE_SIGN_IDENTITY</key>
				<string>iPhone Developer: Jianye Zhai (GEZJKDGQ9H)</string>
				<key>CODE_SIGN_IDENTITY[sdk=iphoneos*]</key>
				<string>iPhone Developer: Jianye Zhai (GEZJKDGQ9H)</string>
				<key>COPY_PHASE_STRIP</key>
				<string>NO</string>
				<key>DEBUG_INFORMATION_FORMAT</key>
				<string>dwarf</string>
				<key>ENABLE_STRICT_OBJC_MSGSEND</key>
				<string>YES</string>
				<key>ENABLE_TESTABILITY</key>
				<string>YES</string>
				<key>GCC_C_LANGUAGE_STANDARD</key>
				<string>gnu99</string>
				<key>GCC_DYNAMIC_NO_PIC</key>
				<string>NO</string>
				<key>GCC_NO_COMMON_BLOCKS</key>
				<string>YES</string>
				<key>GCC_OPTIMIZATION_LEVEL</key>
				<string>0</string>
				<key>GCC_PREPROCESSOR_DEFINITIONS</key>
				<array>
					<string>DEBUG=1</string>
					<string>$(inherited)</string>
				</array>
				<key>GCC_WARN_64_TO_32_BIT_CONVERSION</key>
				<string>YES</string>
				<key>GCC_WARN_ABOUT_RETURN_TYPE</key>
				<string>YES_ERROR</string>
				<key>GCC_WARN_UNDECLARED_SELECTOR</key>
				<string>YES</string>
				<key>GCC_WARN_UNINITIALIZED_AUTOS</key>
				<string>YES_AGGRESSIVE</string>
				<key>GCC_WARN_UNUSED_FUNCTION</key>
				<string>YES</string>
				<key>GCC_WARN_UNUSED_VARIABLE</key>
				<string>YES</string>
				<key>IPHONEOS_DEPLOYMENT_TARGET</key>
				<string>8.0</string>
				<key>MTL_ENABLE_DEBUG_INFO</key>
				<string>YES</string>
				<key>ONLY_ACTIVE_ARCH</key>
				<string>YES</string>
				<key>PROVISIONING_PROFILE</key>
				<string>7ad7bce1-c0b5-4754-96ca-fe04da9b874b</string>
				<key>SDKROOT</key>
				<string>iphoneos</string>
			</dict>
			<key>isa</key>
			<string>XCBuildConfiguration</string>
			<key>name</key>
			<string>Debug</string>
		</dict>
		<key>3BD98C241CE4959A00BA5979</key>
		<dict>
			<key>buildSettings</key>
			<dict>
				<key>ALWAYS_SEARCH_USER_PATHS</key>
				<string>NO</string>
				<key>CLANG_CXX_LANGUAGE_STANDARD</key>
				<string>gnu++0x</string>
				<key>CLANG_CXX_LIBRARY</key>
				<string>libc++</string>
				<key>CLANG_ENABLE_MODULES</key>
				<string>YES</string>
				<key>CLANG_ENABLE_OBJC_ARC</key>
				<string>YES</string>
				<key>CLANG_WARN_BOOL_CONVERSION</key>
				<string>YES</string>
				<key>CLANG_WARN_CONSTANT_CONVERSION</key>
				<string>YES</string>
				<key>CLANG_WARN_DIRECT_OBJC_ISA_USAGE</key>
				<string>YES_ERROR</string>
				<key>CLANG_WARN_EMPTY_BODY</key>
				<string>YES</string>
				<key>CLANG_WARN_ENUM_CONVERSION</key>
				<string>YES</string>
				<key>CLANG_WARN_INT_CONVERSION</key>
				<string>YES</string>
				<key>CLANG_WARN_OBJC_ROOT_CLASS</key>
				<string>YES_ERROR</string>
				<key>CLANG_WARN_UNREACHABLE_CODE</key>
				<string>YES</string>
				<key>CLANG_WARN__DUPLICATE_METHOD_MATCH</key>
				<string>YES</string>
				<key>CODE_SIGN_IDENTITY</key>
				<string>iPhone Developer: Jianye Zhai (GEZJKDGQ9H)</string>
				<key>CODE_SIGN_IDENTITY[sdk=iphoneos*]</key>
				<string>iPhone Developer: Jianye Zhai (GEZJKDGQ9H)</string>
				<key>COPY_PHASE_STRIP</key>
				<string>NO</string>
				<key>DEBUG_INFORMATION_FORMAT</key>
				<string>dwarf-with-dsym</string>
				<key>ENABLE_NS_ASSERTIONS</key>
				<string>NO</string>
				<key>ENABLE_STRICT_OBJC_MSGSEND</key>
				<string>YES</string>
				<key>GCC_C_LANGUAGE_STANDARD</key>
				<string>gnu99</string>
				<key>GCC_NO_COMMON_BLOCKS</key>
				<string>YES</string>
				<key>GCC_WARN_64_TO_32_BIT_CONVERSION</key>
				<string>YES</string>
				<key>GCC_WARN_ABOUT_RETURN_TYPE</key>
				<string>YES_ERROR</string>
				<key>GCC_WARN_UNDECLARED_SELECTOR</key>
				<string>YES</string>
				<key>GCC_WARN_UNINITIALIZED_AUTOS</key>
				<string>YES_AGGRESSIVE</string>
				<key>GCC_WARN_UNUSED_FUNCTION</key>
				<string>YES</string>
				<key>GCC_WARN_UNUSED_VARIABLE</key>
				<string>YES</string>
				<key>IPHONEOS_DEPLOYMENT_TARGET</key>
				<string>8.0</string>
				<key>MTL_ENABLE_DEBUG_INFO</key>
				<string>NO</string>
				<key>PROVISIONING_PROFILE</key>
				<string>7ad7bce1-c0b5-4754-96ca-fe04da9b874b</string>
				<key>SDKROOT</key>
				<string>iphoneos</string>
				<key>VALIDATE_PRODUCT</key>
				<string>YES</string>
			</dict>
			<key>isa</key>
			<string>XCBuildConfiguration</string>
			<key>name</key>
			<string>Release</string>
		</dict>
		<key>3BD98C251CE4959A00BA5979</key>
		<dict>
			<key>buildConfigurations</key>
			<array>
				<string>3BD98C261CE4959A00BA5979</string>
				<string>3BD98C271CE4959A00BA5979</string>
			</array>
			<key>defaultConfigurationIsVisible</key>
			<string>0</string>
			<key>defaultConfigurationName</key>
			<string>Release</string>
			<key>isa</key>
			<string>XCConfigurationList</string>
		</dict>
		<key>3BD98C261CE4959A00BA5979</key>
		<dict>
			<key>baseConfigurationReference</key>
			<string>89737398F51B1FA9A3364011</string>
			<key>buildSettings</key>
			<dict>
				<key>ASSETCATALOG_COMPILER_APPICON_NAME</key>
				<string>AppIcon</string>
				<key>CODE_SIGN_IDENTITY</key>
				<string>iPhone Developer: Jianye Zhai (GEZJKDGQ9H)</string>
				<key>CODE_SIGN_IDENTITY[sdk=iphoneos*]</key>
				<string>iPhone Developer: Jianye Zhai (GEZJKDGQ9H)</string>
				<key>GCC_PRECOMPILE_PREFIX_HEADER</key>
				<string>YES</string>
				<key>GCC_PREFIX_HEADER</key>
				<string>SDDouYu/Supporting Files/SDDouYu-Prefix.pch</string>
				<key>INFOPLIST_FILE</key>
				<string>SDDouYu/Supporting Files/Info.plist</string>
				<key>IPHONEOS_DEPLOYMENT_TARGET</key>
				<string>8.0</string>
				<key>LD_RUNPATH_SEARCH_PATHS</key>
				<string>$(inherited)</string>
				<key>PRODUCT_BUNDLE_IDENTIFIER</key>
				<string>com.sybercare.enterprise.SDDouYu</string>
				<key>PRODUCT_NAME</key>
				<string>$(TARGET_NAME)</string>
				<key>PROVISIONING_PROFILE</key>
				<string>7ad7bce1-c0b5-4754-96ca-fe04da9b874b</string>
				<key>USER_HEADER_SEARCH_PATHS</key>
				<string>$(PODS_ROOT)/**</string>
			</dict>
			<key>isa</key>
			<string>XCBuildConfiguration</string>
			<key>name</key>
			<string>Debug</string>
		</dict>
		<key>3BD98C271CE4959A00BA5979</key>
		<dict>
			<key>baseConfigurationReference</key>
			<string>904A253C8DC7156942348033</string>
			<key>buildSettings</key>
			<dict>
				<key>ASSETCATALOG_COMPILER_APPICON_NAME</key>
				<string>AppIcon</string>
				<key>CODE_SIGN_IDENTITY</key>
				<string>iPhone Developer: Jianye Zhai (GEZJKDGQ9H)</string>
				<key>CODE_SIGN_IDENTITY[sdk=iphoneos*]</key>
				<string>iPhone Developer: Jianye Zhai (GEZJKDGQ9H)</string>
				<key>GCC_PRECOMPILE_PREFIX_HEADER</key>
				<string>YES</string>
				<key>GCC_PREFIX_HEADER</key>
				<string>SDDouYu/Supporting Files/SDDouYu-Prefix.pch</string>
				<key>INFOPLIST_FILE</key>
				<string>SDDouYu/Supporting Files/Info.plist</string>
				<key>IPHONEOS_DEPLOYMENT_TARGET</key>
				<string>8.0</string>
				<key>LD_RUNPATH_SEARCH_PATHS</key>
				<string>$(inherited)</string>
				<key>PRODUCT_BUNDLE_IDENTIFIER</key>
				<string>com.sybercare.enterprise.SDDouYu</string>
				<key>PRODUCT_NAME</key>
				<string>$(TARGET_NAME)</string>
				<key>PROVISIONING_PROFILE</key>
				<string>7ad7bce1-c0b5-4754-96ca-fe04da9b874b</string>
				<key>USER_HEADER_SEARCH_PATHS</key>
				<string>$(PODS_ROOT)/**</string>
			</dict>
			<key>isa</key>
			<string>XCBuildConfiguration</string>
			<key>name</key>
			<string>Release</string>
		</dict>
		<key>3BD98C281CE4997A00BA5979</key>
		<dict>
			<key>isa</key>
			<string>PBXFileReference</string>
			<key>lastKnownFileType</key>
			<string>sourcecode.c.h</string>
			<key>path</key>
			<string>SDDouYu-Prefix.pch</string>
			<key>sourceTree</key>
			<string>&lt;group&gt;</string>
		</dict>
		<key>3BD98C291CE49A3800BA5979</key>
		<dict>
			<key>children</key>
			<array>
				<string>A51B89C41D1B8CDB00A528AC</string>
				<string>3B0484061CEAD2990001CFF6</string>
				<string>3BD98C2E1CE49A6200BA5979</string>
				<string>3BD98C2C1CE49A5500BA5979</string>
			</array>
			<key>isa</key>
			<string>PBXGroup</string>
			<key>path</key>
			<string>Class</string>
			<key>sourceTree</key>
			<string>&lt;group&gt;</string>
		</dict>
		<key>3BD98C2A1CE49A3D00BA5979</key>
		<dict>
			<key>children</key>
			<array>
				<string>A5228E4E1D1BE28200FA5993</string>
				<string>A5228E4F1D1BE28200FA5993</string>
			</array>
			<key>isa</key>
			<string>PBXGroup</string>
			<key>path</key>
			<string>Helper</string>
			<key>sourceTree</key>
			<string>&lt;group&gt;</string>
		</dict>
		<key>3BD98C2B1CE49A4300BA5979</key>
		<dict>
			<key>children</key>
			<array>
				<string>3BD98C631CE49B4F00BA5979</string>
				<string>3BD98C641CE49B4F00BA5979</string>
			</array>
			<key>isa</key>
			<string>PBXGroup</string>
			<key>path</key>
			<string>HTTPRequest</string>
			<key>sourceTree</key>
			<string>&lt;group&gt;</string>
		</dict>
		<key>3BD98C2C1CE49A5500BA5979</key>
		<dict>
			<key>children</key>
			<array>
				<string>3BD98C331CE49AAA00BA5979</string>
				<string>3BD98C341CE49AAA00BA5979</string>
				<string>3BD98C351CE49AAA00BA5979</string>
				<string>3BD98C361CE49AAA00BA5979</string>
				<string>3BD98C3B1CE49AC100BA5979</string>
				<string>3BD98C3C1CE49AC100BA5979</string>
				<string>A51B89C11D1B8B7A00A528AC</string>
				<string>A51B89C21D1B8B7A00A528AC</string>
			</array>
			<key>isa</key>
			<string>PBXGroup</string>
			<key>path</key>
			<string>RootClass</string>
			<key>sourceTree</key>
			<string>&lt;group&gt;</string>
		</dict>
		<key>3BD98C2D1CE49A5C00BA5979</key>
		<dict>
			<key>children</key>
			<array>
				<string>3BD98C2F1CE49A6C00BA5979</string>
				<string>3BD98C301CE49A7C00BA5979</string>
				<string>3BD98C321CE49A8700BA5979</string>
				<string>3BD98C311CE49A8200BA5979</string>
			</array>
			<key>isa</key>
			<string>PBXGroup</string>
			<key>path</key>
			<string>Homepage</string>
			<key>sourceTree</key>
			<string>&lt;group&gt;</string>
		</dict>
		<key>3BD98C2E1CE49A6200BA5979</key>
		<dict>
			<key>children</key>
			<array>
				<string>3BD98C3E1CE49ACF00BA5979</string>
				<string>3BD98C3F1CE49ACF00BA5979</string>
			</array>
			<key>isa</key>
			<string>PBXGroup</string>
			<key>path</key>
			<string>Care</string>
			<key>sourceTree</key>
			<string>&lt;group&gt;</string>
		</dict>
		<key>3BD98C2F1CE49A6C00BA5979</key>
		<dict>
			<key>children</key>
			<array>
				<string>3BD98C4A1CE49AFD00BA5979</string>
				<string>3BD98C4B1CE49AFD00BA5979</string>
				<string>3BDDE3B41CEA285A00921C62</string>
				<string>3BDDE3B51CEA285A00921C62</string>
				<string>3BD98C4C1CE49AFD00BA5979</string>
				<string>3BD98C4D1CE49AFD00BA5979</string>
			</array>
			<key>isa</key>
			<string>PBXGroup</string>
			<key>path</key>
			<string>Controller</string>
			<key>sourceTree</key>
			<string>&lt;group&gt;</string>
		</dict>
		<key>3BD98C301CE49A7C00BA5979</key>
		<dict>
			<key>children</key>
			<array>
				<string>3BEBFA361CE6ED39001CF2E2</string>
				<string>3BEBFA371CE6ED39001CF2E2</string>
				<string>3BEBFA331CE6EC69001CF2E2</string>
				<string>3BEBFA341CE6EC69001CF2E2</string>
				<string>3BDF97121CE73AFF004DCA64</string>
				<string>3BDF97131CE73AFF004DCA64</string>
				<string>3B4560221CEC6CFF0009E51B</string>
				<string>3B4560231CEC6CFF0009E51B</string>
				<string>3BD98C451CE49AE900BA5979</string>
				<string>3BD98C461CE49AE900BA5979</string>
			</array>
			<key>isa</key>
			<string>PBXGroup</string>
			<key>path</key>
			<string>Model</string>
			<key>sourceTree</key>
			<string>&lt;group&gt;</string>
		</dict>
		<key>3BD98C311CE49A8200BA5979</key>
		<dict>
			<key>children</key>
			<array>
				<string>3BEBFA2D1CE6D2D0001CF2E2</string>
				<string>3BEBFA2E1CE6D2D0001CF2E2</string>
				<string>3BEBFA2F1CE6D2D0001CF2E2</string>
				<string>3BD98C501CE49B1700BA5979</string>
				<string>3BD98C511CE49B1700BA5979</string>
				<string>3BD98C521CE49B1700BA5979</string>
				<string>3BD98C531CE49B1700BA5979</string>
				<string>3BD98C541CE49B1700BA5979</string>
				<string>3BD98C551CE49B1700BA5979</string>
				<string>3BD98C561CE49B1700BA5979</string>
				<string>3BD98C571CE49B1700BA5979</string>
				<string>3BD98C581CE49B1700BA5979</string>
				<string>3BD98C591CE49B1700BA5979</string>
				<string>3BEBFA281CE6D29C001CF2E2</string>
				<string>3BEBFA291CE6D29C001CF2E2</string>
				<string>3BEBFA2A1CE6D29C001CF2E2</string>
				<string>3BEBFA391CE6F221001CF2E2</string>
				<string>3BEBFA3A1CE6F221001CF2E2</string>
			</array>
			<key>isa</key>
			<string>PBXGroup</string>
			<key>path</key>
			<string>View</string>
			<key>sourceTree</key>
			<string>&lt;group&gt;</string>
		</dict>
		<key>3BD98C321CE49A8700BA5979</key>
		<dict>
			<key>children</key>
			<array>
				<string>3BD98C601CE49B3400BA5979</string>
				<string>3BD98C611CE49B3400BA5979</string>
			</array>
			<key>isa</key>
			<string>PBXGroup</string>
			<key>path</key>
			<string>VIewModel</string>
			<key>sourceTree</key>
			<string>&lt;group&gt;</string>
		</dict>
		<key>3BD98C331CE49AAA00BA5979</key>
		<dict>
			<key>fileEncoding</key>
			<string>4</string>
			<key>isa</key>
			<string>PBXFileReference</string>
			<key>lastKnownFileType</key>
			<string>sourcecode.c.h</string>
			<key>path</key>
			<string>SDRootNavigationController.h</string>
			<key>sourceTree</key>
			<string>&lt;group&gt;</string>
		</dict>
		<key>3BD98C341CE49AAA00BA5979</key>
		<dict>
			<key>fileEncoding</key>
			<string>4</string>
			<key>isa</key>
			<string>PBXFileReference</string>
			<key>lastKnownFileType</key>
			<string>sourcecode.c.objc</string>
			<key>path</key>
			<string>SDRootNavigationController.m</string>
			<key>sourceTree</key>
			<string>&lt;group&gt;</string>
		</dict>
		<key>3BD98C351CE49AAA00BA5979</key>
		<dict>
			<key>fileEncoding</key>
			<string>4</string>
			<key>isa</key>
			<string>PBXFileReference</string>
			<key>lastKnownFileType</key>
			<string>sourcecode.c.h</string>
			<key>path</key>
			<string>SDRootViewController.h</string>
			<key>sourceTree</key>
			<string>&lt;group&gt;</string>
		</dict>
		<key>3BD98C361CE49AAA00BA5979</key>
		<dict>
			<key>fileEncoding</key>
			<string>4</string>
			<key>isa</key>
			<string>PBXFileReference</string>
			<key>lastKnownFileType</key>
			<string>sourcecode.c.objc</string>
			<key>path</key>
			<string>SDRootViewController.m</string>
			<key>sourceTree</key>
			<string>&lt;group&gt;</string>
		</dict>
		<key>3BD98C381CE49AAA00BA5979</key>
		<dict>
			<key>fileRef</key>
			<string>3BD98C341CE49AAA00BA5979</string>
			<key>isa</key>
			<string>PBXBuildFile</string>
		</dict>
		<key>3BD98C391CE49AAA00BA5979</key>
		<dict>
			<key>fileRef</key>
			<string>3BD98C361CE49AAA00BA5979</string>
			<key>isa</key>
			<string>PBXBuildFile</string>
		</dict>
		<key>3BD98C3B1CE49AC100BA5979</key>
		<dict>
			<key>fileEncoding</key>
			<string>4</string>
			<key>isa</key>
			<string>PBXFileReference</string>
			<key>lastKnownFileType</key>
			<string>sourcecode.c.h</string>
			<key>path</key>
			<string>SDTabBarController.h</string>
			<key>sourceTree</key>
			<string>&lt;group&gt;</string>
		</dict>
		<key>3BD98C3C1CE49AC100BA5979</key>
		<dict>
			<key>fileEncoding</key>
			<string>4</string>
			<key>isa</key>
			<string>PBXFileReference</string>
			<key>lastKnownFileType</key>
			<string>sourcecode.c.objc</string>
			<key>path</key>
			<string>SDTabBarController.m</string>
			<key>sourceTree</key>
			<string>&lt;group&gt;</string>
		</dict>
		<key>3BD98C3D1CE49AC100BA5979</key>
		<dict>
			<key>fileRef</key>
			<string>3BD98C3C1CE49AC100BA5979</string>
			<key>isa</key>
			<string>PBXBuildFile</string>
		</dict>
		<key>3BD98C3E1CE49ACF00BA5979</key>
		<dict>
			<key>fileEncoding</key>
			<string>4</string>
			<key>isa</key>
			<string>PBXFileReference</string>
			<key>lastKnownFileType</key>
			<string>sourcecode.c.h</string>
			<key>path</key>
			<string>SDCareViewController.h</string>
			<key>sourceTree</key>
			<string>&lt;group&gt;</string>
		</dict>
		<key>3BD98C3F1CE49ACF00BA5979</key>
		<dict>
			<key>fileEncoding</key>
			<string>4</string>
			<key>isa</key>
			<string>PBXFileReference</string>
			<key>lastKnownFileType</key>
			<string>sourcecode.c.objc</string>
			<key>path</key>
			<string>SDCareViewController.m</string>
			<key>sourceTree</key>
			<string>&lt;group&gt;</string>
		</dict>
		<key>3BD98C401CE49ACF00BA5979</key>
		<dict>
			<key>fileRef</key>
			<string>3BD98C3F1CE49ACF00BA5979</string>
			<key>isa</key>
			<string>PBXBuildFile</string>
		</dict>
		<key>3BD98C451CE49AE900BA5979</key>
		<dict>
			<key>fileEncoding</key>
			<string>4</string>
			<key>isa</key>
			<string>PBXFileReference</string>
			<key>lastKnownFileType</key>
			<string>sourcecode.c.h</string>
			<key>path</key>
			<string>SDHomepageDataSource.h</string>
			<key>sourceTree</key>
			<string>&lt;group&gt;</string>
		</dict>
		<key>3BD98C461CE49AE900BA5979</key>
		<dict>
			<key>fileEncoding</key>
			<string>4</string>
			<key>isa</key>
			<string>PBXFileReference</string>
			<key>lastKnownFileType</key>
			<string>sourcecode.c.objc</string>
			<key>path</key>
			<string>SDHomepageDataSource.m</string>
			<key>sourceTree</key>
			<string>&lt;group&gt;</string>
		</dict>
		<key>3BD98C491CE49AE900BA5979</key>
		<dict>
			<key>fileRef</key>
			<string>3BD98C461CE49AE900BA5979</string>
			<key>isa</key>
			<string>PBXBuildFile</string>
		</dict>
		<key>3BD98C4A1CE49AFD00BA5979</key>
		<dict>
			<key>fileEncoding</key>
			<string>4</string>
			<key>isa</key>
			<string>PBXFileReference</string>
			<key>lastKnownFileType</key>
			<string>sourcecode.c.h</string>
			<key>path</key>
			<string>SDHomeGameDetailViewController.h</string>
			<key>sourceTree</key>
			<string>&lt;group&gt;</string>
		</dict>
		<key>3BD98C4B1CE49AFD00BA5979</key>
		<dict>
			<key>fileEncoding</key>
			<string>4</string>
			<key>isa</key>
			<string>PBXFileReference</string>
			<key>lastKnownFileType</key>
			<string>sourcecode.c.objc</string>
			<key>path</key>
			<string>SDHomeGameDetailViewController.m</string>
			<key>sourceTree</key>
			<string>&lt;group&gt;</string>
		</dict>
		<key>3BD98C4C1CE49AFD00BA5979</key>
		<dict>
			<key>fileEncoding</key>
			<string>4</string>
			<key>isa</key>
			<string>PBXFileReference</string>
			<key>lastKnownFileType</key>
			<string>sourcecode.c.h</string>
			<key>path</key>
			<string>SDHomepageViewController.h</string>
			<key>sourceTree</key>
			<string>&lt;group&gt;</string>
		</dict>
		<key>3BD98C4D1CE49AFD00BA5979</key>
		<dict>
			<key>fileEncoding</key>
			<string>4</string>
			<key>isa</key>
			<string>PBXFileReference</string>
			<key>lastKnownFileType</key>
			<string>sourcecode.c.objc</string>
			<key>path</key>
			<string>SDHomepageViewController.m</string>
			<key>sourceTree</key>
			<string>&lt;group&gt;</string>
		</dict>
		<key>3BD98C4E1CE49AFD00BA5979</key>
		<dict>
			<key>fileRef</key>
			<string>3BD98C4B1CE49AFD00BA5979</string>
			<key>isa</key>
			<string>PBXBuildFile</string>
		</dict>
		<key>3BD98C4F1CE49AFD00BA5979</key>
		<dict>
			<key>fileRef</key>
			<string>3BD98C4D1CE49AFD00BA5979</string>
			<key>isa</key>
			<string>PBXBuildFile</string>
		</dict>
		<key>3BD98C501CE49B1700BA5979</key>
		<dict>
			<key>fileEncoding</key>
			<string>4</string>
			<key>isa</key>
			<string>PBXFileReference</string>
			<key>lastKnownFileType</key>
			<string>sourcecode.c.h</string>
			<key>path</key>
			<string>SDHomepageContentCollectionViewCell.h</string>
			<key>sourceTree</key>
			<string>&lt;group&gt;</string>
		</dict>
		<key>3BD98C511CE49B1700BA5979</key>
		<dict>
			<key>fileEncoding</key>
			<string>4</string>
			<key>isa</key>
			<string>PBXFileReference</string>
			<key>lastKnownFileType</key>
			<string>sourcecode.c.objc</string>
			<key>path</key>
			<string>SDHomepageContentCollectionViewCell.m</string>
			<key>sourceTree</key>
			<string>&lt;group&gt;</string>
		</dict>
		<key>3BD98C521CE49B1700BA5979</key>
		<dict>
			<key>fileEncoding</key>
			<string>4</string>
			<key>isa</key>
			<string>PBXFileReference</string>
			<key>lastKnownFileType</key>
			<string>file.xib</string>
			<key>path</key>
			<string>SDHomepageContentCollectionViewCell.xib</string>
			<key>sourceTree</key>
			<string>&lt;group&gt;</string>
		</dict>
		<key>3BD98C531CE49B1700BA5979</key>
		<dict>
			<key>fileEncoding</key>
			<string>4</string>
			<key>isa</key>
			<string>PBXFileReference</string>
			<key>lastKnownFileType</key>
			<string>sourcecode.c.h</string>
			<key>path</key>
			<string>SDHomepageHeaderView.h</string>
			<key>sourceTree</key>
			<string>&lt;group&gt;</string>
		</dict>
		<key>3BD98C541CE49B1700BA5979</key>
		<dict>
			<key>fileEncoding</key>
			<string>4</string>
			<key>isa</key>
			<string>PBXFileReference</string>
			<key>lastKnownFileType</key>
			<string>sourcecode.c.objc</string>
			<key>path</key>
			<string>SDHomepageHeaderView.m</string>
			<key>sourceTree</key>
			<string>&lt;group&gt;</string>
		</dict>
		<key>3BD98C551CE49B1700BA5979</key>
		<dict>
			<key>fileEncoding</key>
			<string>4</string>
			<key>isa</key>
			<string>PBXFileReference</string>
			<key>lastKnownFileType</key>
			<string>sourcecode.c.h</string>
			<key>path</key>
			<string>SDHomepageTableViewCell.h</string>
			<key>sourceTree</key>
			<string>&lt;group&gt;</string>
		</dict>
		<key>3BD98C561CE49B1700BA5979</key>
		<dict>
			<key>fileEncoding</key>
			<string>4</string>
			<key>isa</key>
			<string>PBXFileReference</string>
			<key>lastKnownFileType</key>
			<string>sourcecode.c.objc</string>
			<key>path</key>
			<string>SDHomepageTableViewCell.m</string>
			<key>sourceTree</key>
			<string>&lt;group&gt;</string>
		</dict>
		<key>3BD98C571CE49B1700BA5979</key>
		<dict>
			<key>fileEncoding</key>
			<string>4</string>
			<key>isa</key>
			<string>PBXFileReference</string>
			<key>lastKnownFileType</key>
			<string>file.xib</string>
			<key>path</key>
			<string>SDHomepageTableViewCell.xib</string>
			<key>sourceTree</key>
			<string>&lt;group&gt;</string>
		</dict>
		<key>3BD98C581CE49B1700BA5979</key>
		<dict>
			<key>fileEncoding</key>
			<string>4</string>
			<key>isa</key>
			<string>PBXFileReference</string>
			<key>lastKnownFileType</key>
			<string>sourcecode.c.h</string>
			<key>path</key>
			<string>SDScrollTogetherView.h</string>
			<key>sourceTree</key>
			<string>&lt;group&gt;</string>
		</dict>
		<key>3BD98C591CE49B1700BA5979</key>
		<dict>
			<key>fileEncoding</key>
			<string>4</string>
			<key>isa</key>
			<string>PBXFileReference</string>
			<key>lastKnownFileType</key>
			<string>sourcecode.c.objc</string>
			<key>path</key>
			<string>SDScrollTogetherView.m</string>
			<key>sourceTree</key>
			<string>&lt;group&gt;</string>
		</dict>
		<key>3BD98C5A1CE49B1700BA5979</key>
		<dict>
			<key>fileRef</key>
			<string>3BD98C511CE49B1700BA5979</string>
			<key>isa</key>
			<string>PBXBuildFile</string>
		</dict>
		<key>3BD98C5B1CE49B1700BA5979</key>
		<dict>
			<key>fileRef</key>
			<string>3BD98C521CE49B1700BA5979</string>
			<key>isa</key>
			<string>PBXBuildFile</string>
		</dict>
		<key>3BD98C5C1CE49B1700BA5979</key>
		<dict>
			<key>fileRef</key>
			<string>3BD98C541CE49B1700BA5979</string>
			<key>isa</key>
			<string>PBXBuildFile</string>
		</dict>
		<key>3BD98C5D1CE49B1700BA5979</key>
		<dict>
			<key>fileRef</key>
			<string>3BD98C561CE49B1700BA5979</string>
			<key>isa</key>
			<string>PBXBuildFile</string>
		</dict>
		<key>3BD98C5E1CE49B1700BA5979</key>
		<dict>
			<key>fileRef</key>
			<string>3BD98C571CE49B1700BA5979</string>
			<key>isa</key>
			<string>PBXBuildFile</string>
		</dict>
		<key>3BD98C5F1CE49B1700BA5979</key>
		<dict>
			<key>fileRef</key>
			<string>3BD98C591CE49B1700BA5979</string>
			<key>isa</key>
			<string>PBXBuildFile</string>
		</dict>
		<key>3BD98C601CE49B3400BA5979</key>
		<dict>
			<key>fileEncoding</key>
			<string>4</string>
			<key>isa</key>
			<string>PBXFileReference</string>
			<key>lastKnownFileType</key>
			<string>sourcecode.c.h</string>
			<key>path</key>
			<string>SDHomepageViewModel.h</string>
			<key>sourceTree</key>
			<string>&lt;group&gt;</string>
		</dict>
		<key>3BD98C611CE49B3400BA5979</key>
		<dict>
			<key>fileEncoding</key>
			<string>4</string>
			<key>isa</key>
			<string>PBXFileReference</string>
			<key>lastKnownFileType</key>
			<string>sourcecode.c.objc</string>
			<key>path</key>
			<string>SDHomepageViewModel.m</string>
			<key>sourceTree</key>
			<string>&lt;group&gt;</string>
		</dict>
		<key>3BD98C621CE49B3400BA5979</key>
		<dict>
			<key>fileRef</key>
			<string>3BD98C611CE49B3400BA5979</string>
			<key>isa</key>
			<string>PBXBuildFile</string>
		</dict>
		<key>3BD98C631CE49B4F00BA5979</key>
		<dict>
			<key>fileEncoding</key>
			<string>4</string>
			<key>isa</key>
			<string>PBXFileReference</string>
			<key>lastKnownFileType</key>
			<string>sourcecode.c.h</string>
			<key>path</key>
			<string>HTTPRequest.h</string>
			<key>sourceTree</key>
			<string>&lt;group&gt;</string>
		</dict>
		<key>3BD98C641CE49B4F00BA5979</key>
		<dict>
			<key>fileEncoding</key>
			<string>4</string>
			<key>isa</key>
			<string>PBXFileReference</string>
			<key>lastKnownFileType</key>
			<string>sourcecode.c.objc</string>
			<key>path</key>
			<string>HTTPRequest.m</string>
			<key>sourceTree</key>
			<string>&lt;group&gt;</string>
		</dict>
		<key>3BD98C651CE49B4F00BA5979</key>
		<dict>
			<key>fileRef</key>
			<string>3BD98C641CE49B4F00BA5979</string>
			<key>isa</key>
			<string>PBXBuildFile</string>
		</dict>
		<key>3BDDE3B41CEA285A00921C62</key>
		<dict>
			<key>fileEncoding</key>
			<string>4</string>
			<key>isa</key>
			<string>PBXFileReference</string>
			<key>lastKnownFileType</key>
			<string>sourcecode.c.h</string>
			<key>path</key>
			<string>SDHomeViewController.h</string>
			<key>sourceTree</key>
			<string>&lt;group&gt;</string>
		</dict>
		<key>3BDDE3B51CEA285A00921C62</key>
		<dict>
			<key>fileEncoding</key>
			<string>4</string>
			<key>isa</key>
			<string>PBXFileReference</string>
			<key>lastKnownFileType</key>
			<string>sourcecode.c.objc</string>
			<key>path</key>
			<string>SDHomeViewController.m</string>
			<key>sourceTree</key>
			<string>&lt;group&gt;</string>
		</dict>
		<key>3BDDE3B61CEA285A00921C62</key>
		<dict>
			<key>fileRef</key>
			<string>3BDDE3B51CEA285A00921C62</string>
			<key>isa</key>
			<string>PBXBuildFile</string>
		</dict>
		<key>3BDF97121CE73AFF004DCA64</key>
		<dict>
			<key>fileEncoding</key>
			<string>4</string>
			<key>isa</key>
			<string>PBXFileReference</string>
			<key>lastKnownFileType</key>
			<string>sourcecode.c.h</string>
			<key>path</key>
			<string>SDChannelModel.h</string>
			<key>sourceTree</key>
			<string>&lt;group&gt;</string>
		</dict>
		<key>3BDF97131CE73AFF004DCA64</key>
		<dict>
			<key>fileEncoding</key>
			<string>4</string>
			<key>isa</key>
			<string>PBXFileReference</string>
			<key>lastKnownFileType</key>
			<string>sourcecode.c.objc</string>
			<key>path</key>
			<string>SDChannelModel.m</string>
			<key>sourceTree</key>
			<string>&lt;group&gt;</string>
		</dict>
		<key>3BDF97141CE73AFF004DCA64</key>
		<dict>
			<key>fileRef</key>
			<string>3BDF97131CE73AFF004DCA64</string>
			<key>isa</key>
			<string>PBXBuildFile</string>
		</dict>
		<key>3BEBFA281CE6D29C001CF2E2</key>
		<dict>
			<key>fileEncoding</key>
			<string>4</string>
			<key>isa</key>
			<string>PBXFileReference</string>
			<key>lastKnownFileType</key>
			<string>sourcecode.c.h</string>
			<key>path</key>
			<string>SDTableViewCellTypeTwo.h</string>
			<key>sourceTree</key>
			<string>&lt;group&gt;</string>
		</dict>
		<key>3BEBFA291CE6D29C001CF2E2</key>
		<dict>
			<key>fileEncoding</key>
			<string>4</string>
			<key>isa</key>
			<string>PBXFileReference</string>
			<key>lastKnownFileType</key>
			<string>sourcecode.c.objc</string>
			<key>path</key>
			<string>SDTableViewCellTypeTwo.m</string>
			<key>sourceTree</key>
			<string>&lt;group&gt;</string>
		</dict>
		<key>3BEBFA2A1CE6D29C001CF2E2</key>
		<dict>
			<key>fileEncoding</key>
			<string>4</string>
			<key>isa</key>
			<string>PBXFileReference</string>
			<key>lastKnownFileType</key>
			<string>file.xib</string>
			<key>path</key>
			<string>SDTableViewCellTypeTwo.xib</string>
			<key>sourceTree</key>
			<string>&lt;group&gt;</string>
		</dict>
		<key>3BEBFA2B1CE6D29C001CF2E2</key>
		<dict>
			<key>fileRef</key>
			<string>3BEBFA291CE6D29C001CF2E2</string>
			<key>isa</key>
			<string>PBXBuildFile</string>
		</dict>
		<key>3BEBFA2C1CE6D29C001CF2E2</key>
		<dict>
			<key>fileRef</key>
			<string>3BEBFA2A1CE6D29C001CF2E2</string>
			<key>isa</key>
			<string>PBXBuildFile</string>
		</dict>
		<key>3BEBFA2D1CE6D2D0001CF2E2</key>
		<dict>
			<key>fileEncoding</key>
			<string>4</string>
			<key>isa</key>
			<string>PBXFileReference</string>
			<key>lastKnownFileType</key>
			<string>sourcecode.c.h</string>
			<key>path</key>
			<string>SDCollectionViewCellTypeTwo.h</string>
			<key>sourceTree</key>
			<string>&lt;group&gt;</string>
		</dict>
		<key>3BEBFA2E1CE6D2D0001CF2E2</key>
		<dict>
			<key>fileEncoding</key>
			<string>4</string>
			<key>isa</key>
			<string>PBXFileReference</string>
			<key>lastKnownFileType</key>
			<string>sourcecode.c.objc</string>
			<key>path</key>
			<string>SDCollectionViewCellTypeTwo.m</string>
			<key>sourceTree</key>
			<string>&lt;group&gt;</string>
		</dict>
		<key>3BEBFA2F1CE6D2D0001CF2E2</key>
		<dict>
			<key>fileEncoding</key>
			<string>4</string>
			<key>isa</key>
			<string>PBXFileReference</string>
			<key>lastKnownFileType</key>
			<string>file.xib</string>
			<key>path</key>
			<string>SDCollectionViewCellTypeTwo.xib</string>
			<key>sourceTree</key>
			<string>&lt;group&gt;</string>
		</dict>
		<key>3BEBFA301CE6D2D0001CF2E2</key>
		<dict>
			<key>fileRef</key>
			<string>3BEBFA2E1CE6D2D0001CF2E2</string>
			<key>isa</key>
			<string>PBXBuildFile</string>
		</dict>
		<key>3BEBFA311CE6D2D0001CF2E2</key>
		<dict>
			<key>fileRef</key>
			<string>3BEBFA2F1CE6D2D0001CF2E2</string>
			<key>isa</key>
			<string>PBXBuildFile</string>
		</dict>
		<key>3BEBFA321CE6D672001CF2E2</key>
		<dict>
			<key>children</key>
			<array>
				<string>3BA37EAA1CE9BCC8004AF002</string>
				<string>3B05DBFC1CE84365008D90E2</string>
				<string>3B05DBFD1CE84365008D90E2</string>
				<string>3B05DBFF1CE84881008D90E2</string>
				<string>3B05DC001CE84881008D90E2</string>
				<string>3B722DF91CEB27C700D23975</string>
				<string>3B722DFA1CEB27C700D23975</string>
			</array>
			<key>isa</key>
			<string>PBXGroup</string>
			<key>path</key>
			<string>Category</string>
			<key>sourceTree</key>
			<string>&lt;group&gt;</string>
		</dict>
		<key>3BEBFA331CE6EC69001CF2E2</key>
		<dict>
			<key>fileEncoding</key>
			<string>4</string>
			<key>isa</key>
			<string>PBXFileReference</string>
			<key>lastKnownFileType</key>
			<string>sourcecode.c.h</string>
			<key>path</key>
			<string>SDBaseLiveModel.h</string>
			<key>sourceTree</key>
			<string>&lt;group&gt;</string>
		</dict>
		<key>3BEBFA341CE6EC69001CF2E2</key>
		<dict>
			<key>fileEncoding</key>
			<string>4</string>
			<key>isa</key>
			<string>PBXFileReference</string>
			<key>lastKnownFileType</key>
			<string>sourcecode.c.objc</string>
			<key>path</key>
			<string>SDBaseLiveModel.m</string>
			<key>sourceTree</key>
			<string>&lt;group&gt;</string>
		</dict>
		<key>3BEBFA351CE6EC69001CF2E2</key>
		<dict>
			<key>fileRef</key>
			<string>3BEBFA341CE6EC69001CF2E2</string>
			<key>isa</key>
			<string>PBXBuildFile</string>
		</dict>
		<key>3BEBFA361CE6ED39001CF2E2</key>
		<dict>
			<key>fileEncoding</key>
			<string>4</string>
			<key>isa</key>
			<string>PBXFileReference</string>
			<key>lastKnownFileType</key>
			<string>sourcecode.c.h</string>
			<key>path</key>
			<string>SDBaseLiveModel+Extension.h</string>
			<key>sourceTree</key>
			<string>&lt;group&gt;</string>
		</dict>
		<key>3BEBFA371CE6ED39001CF2E2</key>
		<dict>
			<key>fileEncoding</key>
			<string>4</string>
			<key>isa</key>
			<string>PBXFileReference</string>
			<key>lastKnownFileType</key>
			<string>sourcecode.c.objc</string>
			<key>path</key>
			<string>SDBaseLiveModel+Extension.m</string>
			<key>sourceTree</key>
			<string>&lt;group&gt;</string>
		</dict>
		<key>3BEBFA381CE6ED39001CF2E2</key>
		<dict>
			<key>fileRef</key>
			<string>3BEBFA371CE6ED39001CF2E2</string>
			<key>isa</key>
			<string>PBXBuildFile</string>
		</dict>
		<key>3BEBFA391CE6F221001CF2E2</key>
		<dict>
			<key>fileEncoding</key>
			<string>4</string>
			<key>isa</key>
			<string>PBXFileReference</string>
			<key>lastKnownFileType</key>
			<string>sourcecode.c.h</string>
			<key>path</key>
			<string>UITableViewCell+Extension.h</string>
			<key>sourceTree</key>
			<string>&lt;group&gt;</string>
		</dict>
		<key>3BEBFA3A1CE6F221001CF2E2</key>
		<dict>
			<key>fileEncoding</key>
			<string>4</string>
			<key>isa</key>
			<string>PBXFileReference</string>
			<key>lastKnownFileType</key>
			<string>sourcecode.c.objc</string>
			<key>path</key>
			<string>UITableViewCell+Extension.m</string>
			<key>sourceTree</key>
			<string>&lt;group&gt;</string>
		</dict>
		<key>3BEBFA3B1CE6F221001CF2E2</key>
		<dict>
			<key>fileRef</key>
			<string>3BEBFA3A1CE6F221001CF2E2</string>
			<key>isa</key>
			<string>PBXBuildFile</string>
		</dict>
		<key>489190B26DAA0CE683BB9C63</key>
		<dict>
			<key>buildActionMask</key>
			<string>2147483647</string>
			<key>files</key>
			<array/>
			<key>inputPaths</key>
			<array/>
			<key>isa</key>
			<string>PBXShellScriptBuildPhase</string>
			<key>name</key>
			<string>&#128230; Check Pods Manifest.lock</string>
			<key>outputPaths</key>
			<array/>
			<key>runOnlyForDeploymentPostprocessing</key>
			<string>0</string>
			<key>shellPath</key>
			<string>/bin/sh</string>
			<key>shellScript</key>
			<string>diff "${PODS_ROOT}/../Podfile.lock" "${PODS_ROOT}/Manifest.lock" &gt; /dev/null
if [[ $? != 0 ]] ; then
    cat &lt;&lt; EOM
error: The sandbox is not in sync with the Podfile.lock. Run 'pod install' or update your CocoaPods installation.
EOM
    exit 1
fi
</string>
			<key>showEnvVarsInLog</key>
			<string>0</string>
		</dict>
		<key>48D53EB5149E0EFA974725C1</key>
		<dict>
			<key>children</key>
			<array>
				<string>4D32265AFEB3331E6C41134D</string>
			</array>
			<key>isa</key>
			<string>PBXGroup</string>
			<key>name</key>
			<string>Frameworks</string>
			<key>sourceTree</key>
			<string>&lt;group&gt;</string>
		</dict>
		<key>4D32265AFEB3331E6C41134D</key>
		<dict>
			<key>explicitFileType</key>
			<string>wrapper.framework</string>
			<key>includeInIndex</key>
			<string>0</string>
			<key>isa</key>
			<string>PBXFileReference</string>
			<key>path</key>
			<string>Pods_SDDouYu.framework</string>
			<key>sourceTree</key>
			<string>BUILT_PRODUCTS_DIR</string>
		</dict>
		<key>632ECF8A1CE468A509A3472C</key>
		<dict>
			<key>children</key>
			<array>
				<string>89737398F51B1FA9A3364011</string>
				<string>904A253C8DC7156942348033</string>
			</array>
			<key>isa</key>
			<string>PBXGroup</string>
			<key>name</key>
			<string>Pods</string>
			<key>sourceTree</key>
			<string>&lt;group&gt;</string>
		</dict>
		<key>65999F3E0A8F46F7ADDC4EF0</key>
		<dict>
			<key>buildActionMask</key>
			<string>2147483647</string>
			<key>files</key>
			<array/>
			<key>inputPaths</key>
			<array/>
			<key>isa</key>
			<string>PBXShellScriptBuildPhase</string>
			<key>name</key>
			<string>Embed Pods Frameworks</string>
			<key>outputPaths</key>
			<array/>
			<key>runOnlyForDeploymentPostprocessing</key>
			<string>0</string>
			<key>shellPath</key>
			<string>/bin/sh</string>
			<key>shellScript</key>
			<string>"${SRCROOT}/Pods/Target Support Files/Pods-SDDouYu/Pods-SDDouYu-frameworks.sh"
</string>
			<key>showEnvVarsInLog</key>
			<string>0</string>
		</dict>
		<key>89737398F51B1FA9A3364011</key>
		<dict>
			<key>includeInIndex</key>
			<string>1</string>
			<key>isa</key>
			<string>PBXFileReference</string>
			<key>lastKnownFileType</key>
			<string>text.xcconfig</string>
			<key>name</key>
			<string>Pods-SDDouYu.debug.xcconfig</string>
			<key>path</key>
			<string>Pods/Target Support Files/Pods-SDDouYu/Pods-SDDouYu.debug.xcconfig</string>
			<key>sourceTree</key>
			<string>&lt;group&gt;</string>
		</dict>
		<key>904A253C8DC7156942348033</key>
		<dict>
			<key>includeInIndex</key>
			<string>1</string>
			<key>isa</key>
			<string>PBXFileReference</string>
			<key>lastKnownFileType</key>
			<string>text.xcconfig</string>
			<key>name</key>
			<string>Pods-SDDouYu.release.xcconfig</string>
			<key>path</key>
			<string>Pods/Target Support Files/Pods-SDDouYu/Pods-SDDouYu.release.xcconfig</string>
			<key>sourceTree</key>
			<string>&lt;group&gt;</string>
		</dict>
		<key>A51B89C11D1B8B7A00A528AC</key>
		<dict>
			<key>fileEncoding</key>
			<string>4</string>
			<key>isa</key>
			<string>PBXFileReference</string>
			<key>lastKnownFileType</key>
			<string>sourcecode.c.h</string>
			<key>path</key>
			<string>SDRefreshTableViewController.h</string>
			<key>sourceTree</key>
			<string>&lt;group&gt;</string>
		</dict>
		<key>A51B89C21D1B8B7A00A528AC</key>
		<dict>
			<key>fileEncoding</key>
			<string>4</string>
			<key>isa</key>
			<string>PBXFileReference</string>
			<key>lastKnownFileType</key>
			<string>sourcecode.c.objc</string>
			<key>path</key>
			<string>SDRefreshTableViewController.m</string>
			<key>sourceTree</key>
			<string>&lt;group&gt;</string>
		</dict>
		<key>A51B89C31D1B8B7A00A528AC</key>
		<dict>
			<key>fileRef</key>
			<string>A51B89C21D1B8B7A00A528AC</string>
			<key>isa</key>
			<string>PBXBuildFile</string>
		</dict>
		<key>A51B89C41D1B8CDB00A528AC</key>
		<dict>
			<key>children</key>
			<array>
				<string>A525E4BF1D1BB33F00411F54</string>
				<string>A525E4C01D1BB80200411F54</string>
				<string>A525E4C11D1BB80200411F54</string>
			</array>
			<key>isa</key>
			<string>PBXGroup</string>
			<key>name</key>
			<string>Category</string>
			<key>sourceTree</key>
			<string>&lt;group&gt;</string>
		</dict>
		<key>A5228E4E1D1BE28200FA5993</key>
		<dict>
			<key>fileEncoding</key>
			<string>4</string>
			<key>isa</key>
			<string>PBXFileReference</string>
			<key>lastKnownFileType</key>
			<string>sourcecode.c.h</string>
			<key>name</key>
			<string>SDTool.h</string>
			<key>path</key>
			<string>SDDouYu/Class/SDTool.h</string>
			<key>sourceTree</key>
			<string>SOURCE_ROOT</string>
		</dict>
		<key>A5228E4F1D1BE28200FA5993</key>
		<dict>
			<key>fileEncoding</key>
			<string>4</string>
			<key>isa</key>
			<string>PBXFileReference</string>
			<key>lastKnownFileType</key>
			<string>sourcecode.c.objc</string>
			<key>name</key>
			<string>SDTool.m</string>
			<key>path</key>
			<string>SDDouYu/Class/SDTool.m</string>
			<key>sourceTree</key>
			<string>SOURCE_ROOT</string>
		</dict>
		<key>A5228E501D1BE28200FA5993</key>
		<dict>
			<key>fileRef</key>
			<string>A5228E4F1D1BE28200FA5993</string>
			<key>isa</key>
			<string>PBXBuildFile</string>
		</dict>
		<key>A525E4BF1D1BB33F00411F54</key>
		<dict>
			<key>children</key>
			<array>
				<string>A5CF5BD71D0FA19E00F6121F</string>
				<string>A525E4C61D1BCE5900411F54</string>
				<string>A525E4C71D1BCE5900411F54</string>
			</array>
			<key>isa</key>
			<string>PBXGroup</string>
			<key>name</key>
			<string>MJRefreshAbout</string>
			<key>sourceTree</key>
			<string>&lt;group&gt;</string>
		</dict>
		<key>A525E4C01D1BB80200411F54</key>
		<dict>
			<key>fileEncoding</key>
			<string>4</string>
			<key>isa</key>
			<string>PBXFileReference</string>
			<key>lastKnownFileType</key>
			<string>sourcecode.c.h</string>
			<key>path</key>
			<string>UIColor+categoryColor.h</string>
			<key>sourceTree</key>
			<string>&lt;group&gt;</string>
		</dict>
		<key>A525E4C11D1BB80200411F54</key>
		<dict>
			<key>fileEncoding</key>
			<string>4</string>
			<key>isa</key>
			<string>PBXFileReference</string>
			<key>lastKnownFileType</key>
			<string>sourcecode.c.objc</string>
			<key>path</key>
			<string>UIColor+categoryColor.m</string>
			<key>sourceTree</key>
			<string>&lt;group&gt;</string>
		</dict>
		<key>A525E4C21D1BB80200411F54</key>
		<dict>
			<key>fileRef</key>
			<string>A525E4C11D1BB80200411F54</string>
			<key>isa</key>
			<string>PBXBuildFile</string>
		</dict>
		<key>A525E4C61D1BCE5900411F54</key>
		<dict>
			<key>fileEncoding</key>
			<string>4</string>
			<key>isa</key>
			<string>PBXFileReference</string>
			<key>lastKnownFileType</key>
			<string>sourcecode.c.h</string>
			<key>path</key>
			<string>UIScrollView+SDMJRefresh.h</string>
			<key>sourceTree</key>
			<string>&lt;group&gt;</string>
		</dict>
		<key>A525E4C71D1BCE5900411F54</key>
		<dict>
			<key>fileEncoding</key>
			<string>4</string>
			<key>isa</key>
			<string>PBXFileReference</string>
			<key>lastKnownFileType</key>
			<string>sourcecode.c.objc</string>
			<key>path</key>
			<string>UIScrollView+SDMJRefresh.m</string>
			<key>sourceTree</key>
			<string>&lt;group&gt;</string>
		</dict>
		<key>A525E4C81D1BCE5900411F54</key>
		<dict>
			<key>fileRef</key>
			<string>A525E4C71D1BCE5900411F54</string>
			<key>isa</key>
			<string>PBXBuildFile</string>
		</dict>
		<key>A5CF5BD71D0FA19E00F6121F</key>
		<dict>
			<key>fileEncoding</key>
			<string>4</string>
			<key>isa</key>
			<string>PBXFileReference</string>
			<key>lastKnownFileType</key>
			<string>sourcecode.c.h</string>
			<key>name</key>
			<string>SDPullRefreshProtocl.h</string>
			<key>path</key>
			<string>RootClass/SDPullRefreshProtocl.h</string>
			<key>sourceTree</key>
			<string>&lt;group&gt;</string>
		</dict>
		<key>C34C66C488DA02FEE07D36F8</key>
		<dict>
			<key>buildActionMask</key>
			<string>2147483647</string>
			<key>files</key>
			<array/>
			<key>inputPaths</key>
			<array/>
			<key>isa</key>
			<string>PBXShellScriptBuildPhase</string>
			<key>name</key>
			<string>&#128230; Embed Pods Frameworks</string>
			<key>outputPaths</key>
			<array/>
			<key>runOnlyForDeploymentPostprocessing</key>
			<string>0</string>
			<key>shellPath</key>
			<string>/bin/sh</string>
			<key>shellScript</key>
			<string>"${SRCROOT}/Pods/Target Support Files/Pods-SDDouYu/Pods-SDDouYu-frameworks.sh"
</string>
			<key>showEnvVarsInLog</key>
			<string>0</string>
		</dict>
		<key>FD71025337DEFA0DC7691888</key>
		<dict>
			<key>buildActionMask</key>
			<string>2147483647</string>
			<key>files</key>
			<array/>
			<key>inputPaths</key>
			<array/>
			<key>isa</key>
			<string>PBXShellScriptBuildPhase</string>
			<key>name</key>
			<string>&#128230; Copy Pods Resources</string>
			<key>outputPaths</key>
			<array/>
			<key>runOnlyForDeploymentPostprocessing</key>
			<string>0</string>
			<key>shellPath</key>
			<string>/bin/sh</string>
			<key>shellScript</key>
			<string>"${SRCROOT}/Pods/Target Support Files/Pods-SDDouYu/Pods-SDDouYu-resources.sh"
</string>
			<key>showEnvVarsInLog</key>
			<string>0</string>
		</dict>
	</dict>
	<key>rootObject</key>
	<string>3BD98C061CE4959A00BA5979</string>
</dict>
</plist>
